
Microsoft Visual Studio Solution File, Format Version 12.00
# Visual Studio 14
VisualStudioVersion = 14.0.25420.1
MinimumVisualStudioVersion = 10.0.40219.1
Project("{FAE04EC0-301F-11D3-BF4B-00C04F79EFBC}") = "VOLL", "VOLL\VOLL.csproj", "{87963992-7E03-4875-8831-F5858A723B42}"
EndProject
Project("{FAE04EC0-301F-11D3-BF4B-00C04F79EFBC}") = "BancoService", "BancoService\BancoService.csproj", "{5C986873-9595-4BB1-94CB-F0632C1275F4}"
EndProject
Project("{FAE04EC0-301F-11D3-BF4B-00C04F79EFBC}") = "WindowsService1", "WindowsService1\WindowsService1.csproj", "{2818F014-C387-4B62-B675-77FF4EB836E6}"
EndProject
Global
	GlobalSection(SolutionConfigurationPlatforms) = preSolution
		Debug|Any CPU = Debug|Any CPU
		Release|Any CPU = Release|Any CPU
	EndGlobalSection
	GlobalSection(ProjectConfigurationPlatforms) = postSolution
		{87963992-7E03-4875-8831-F5858A723B42}.Debug|Any CPU.ActiveCfg = Debug|Any CPU
		{87963992-7E03-4875-8831-F5858A723B42}.Debug|Any CPU.Build.0 = Debug|Any CPU
		{87963992-7E03-4875-8831-F5858A723B42}.Release|Any CPU.ActiveCfg = Release|Any CPU
		{87963992-7E03-4875-8831-F5858A723B42}.Release|Any CPU.Build.0 = Release|Any CPU
		{5C986873-9595-4BB1-94CB-F0632C1275F4}.Debug|Any CPU.ActiveCfg = Debug|Any CPU
		{5C986873-9595-4BB1-94CB-F0632C1275F4}.Debug|Any CPU.Build.0 = Debug|Any CPU
		{5C986873-9595-4BB1-94CB-F0632C1275F4}.Release|Any CPU.ActiveCfg = Release|Any CPU
		{5C986873-9595-4BB1-94CB-F0632C1275F4}.Release|Any CPU.Build.0 = Release|Any CPU
		{2818F014-C387-4B62-B675-77FF4EB836E6}.Debug|Any CPU.ActiveCfg = Debug|Any CPU
		{2818F014-C387-4B62-B675-77FF4EB836E6}.Debug|Any CPU.Build.0 = Debug|Any CPU
		{2818F014-C387-4B62-B675-77FF4EB836E6}.Release|Any CPU.ActiveCfg = Release|Any CPU
		{2818F014-C387-4B62-B675-77FF4EB836E6}.Release|Any CPU.Build.0 = Release|Any CPU
	EndGlobalSection
	GlobalSection(SolutionProperties) = preSolution
		HideSolutionNode = FALSE
	EndGlobalSection
EndGlobal
